{
  "version": 4,
  "terraform_version": "1.6.5",
  "serial": 24,
  "lineage": "a9483d5a-6e15-350b-6403-3b35a46bfa9a",
  "outputs": {
    "PrivateIP": {
      "value": "172.31.36.43",
      "type": "string"
    },
    "PublicIP": {
      "value": "54.80.139.8",
      "type": "string"
    }
  },
  "resources": [
    {
      "mode": "managed",
      "type": "aws_instance",
      "name": "dove-instance",
      "provider": "provider[\"registry.terraform.io/hashicorp/aws\"]",
      "instances": [
        {
          "schema_version": 1,
          "attributes": {
            "ami": "ami-0230bd60aa48260c6",
            "arn": "arn:aws:ec2:us-east-1:672418541231:instance/i-0d836f75c3007a747",
            "associate_public_ip_address": true,
            "availability_zone": "us-east-1a",
            "capacity_reservation_specification": [
              {
                "capacity_reservation_preference": "open",
                "capacity_reservation_target": []
              }
            ],
            "cpu_core_count": 1,
            "cpu_options": [
              {
                "amd_sev_snp": "",
                "core_count": 1,
                "threads_per_core": 1
              }
            ],
            "cpu_threads_per_core": 1,
            "credit_specification": [
              {
                "cpu_credits": "standard"
              }
            ],
            "disable_api_stop": false,
            "disable_api_termination": false,
            "ebs_block_device": [],
            "ebs_optimized": false,
            "enclave_options": [
              {
                "enabled": false
              }
            ],
            "ephemeral_block_device": [],
            "get_password_data": false,
            "hibernation": false,
            "host_id": "",
            "host_resource_group_arn": null,
            "iam_instance_profile": "",
            "id": "i-0d836f75c3007a747",
            "instance_initiated_shutdown_behavior": "stop",
            "instance_lifecycle": "",
            "instance_market_options": [],
            "instance_state": "running",
            "instance_type": "t2.micro",
            "ipv6_address_count": 0,
            "ipv6_addresses": [],
            "key_name": "dovekey",
            "launch_template": [],
            "maintenance_options": [
              {
                "auto_recovery": "default"
              }
            ],
            "metadata_options": [
              {
                "http_endpoint": "enabled",
                "http_protocol_ipv6": "disabled",
                "http_put_response_hop_limit": 2,
                "http_tokens": "required",
                "instance_metadata_tags": "disabled"
              }
            ],
            "monitoring": false,
            "network_interface": [],
            "outpost_arn": "",
            "password_data": "",
            "placement_group": "",
            "placement_partition_number": 0,
            "primary_network_interface_id": "eni-03b0f6f37fbd759d7",
            "private_dns": "ip-172-31-36-43.ec2.internal",
            "private_dns_name_options": [
              {
                "enable_resource_name_dns_a_record": false,
                "enable_resource_name_dns_aaaa_record": false,
                "hostname_type": "ip-name"
              }
            ],
            "private_ip": "172.31.36.43",
            "public_dns": "ec2-54-80-139-8.compute-1.amazonaws.com",
            "public_ip": "54.80.139.8",
            "root_block_device": [
              {
                "delete_on_termination": true,
                "device_name": "/dev/xvda",
                "encrypted": false,
                "iops": 3000,
                "kms_key_id": "",
                "tags": {},
                "throughput": 125,
                "volume_id": "vol-0db52c4e390c381b9",
                "volume_size": 8,
                "volume_type": "gp3"
              }
            ],
            "secondary_private_ips": [],
            "security_groups": [
              "terraform-sg"
            ],
            "source_dest_check": true,
            "spot_instance_request_id": "",
            "subnet_id": "subnet-0b94e2f41bcc86e2a",
            "tags": {
              "Name": "Terraform-Instance",
              "Project": "Terra"
            },
            "tags_all": {
              "Name": "Terraform-Instance",
              "Project": "Terra"
            },
            "tenancy": "default",
            "timeouts": null,
            "user_data": null,
            "user_data_base64": null,
            "user_data_replace_on_change": false,
            "volume_tags": null,
            "vpc_security_group_ids": [
              "sg-0c6da1c6f07044d54"
            ]
          },
          "sensitive_attributes": [],
          "private": "eyJlMmJmYjczMC1lY2FhLTExZTYtOGY4OC0zNDM2M2JjN2M0YzAiOnsiY3JlYXRlIjo2MDAwMDAwMDAwMDAsImRlbGV0ZSI6MTIwMDAwMDAwMDAwMCwidXBkYXRlIjo2MDAwMDAwMDAwMDB9LCJzY2hlbWFfdmVyc2lvbiI6IjEifQ==",
          "dependencies": [
            "aws_key_pair.dove-key"
          ]
        }
      ]
    },
    {
      "mode": "managed",
      "type": "aws_key_pair",
      "name": "dove-key",
      "provider": "provider[\"registry.terraform.io/hashicorp/aws\"]",
      "instances": [
        {
          "schema_version": 1,
          "attributes": {
            "arn": "arn:aws:ec2:us-east-1:672418541231:key-pair/dovekey",
            "fingerprint": "f0:87:4c:f7:b9:13:cb:f2:0f:d0:12:ae:c9:11:6e:57",
            "id": "dovekey",
            "key_name": "dovekey",
            "key_name_prefix": "",
            "key_pair_id": "key-09032442b41659d22",
            "key_type": "rsa",
            "public_key": "ssh-rsa AAAAB3NzaC1yc2EAAAADAQABAAABgQDRRJ+WF3V2aMGIA6pEj9R2iLIm2eEajaOBKQf6R2fArUbFAb+R70n7H+6FpAMEsaE2pFWXJPGBkZxevke6VDVKYF+6zSAn3aaFuij+Kv2N9zHvt4X+dMKPElnX8SbWvtQJck8ovPgPKguo3InM3vP9Wjl+JT0LUpLSX8u+L2+2EiGndr8s6eX5sgI1CTfn/JQX2mu5xPfIlFUdO5/+KrQnjLg/uU91vgLp0Its9qhA+NNrVFh4orb7YkphPmLhUsgB24NRt9LdZ6WerONJsw60bv9+UG4UiVztOFxoveteDrLJR6xNu+3jUCj8FhXY1XW2WXWgZtO6dWNYyDtqgv/B66yHcPywicZ/acSF36Nbyyp17uuuus/zeq3st6nPK1WAUMDBhDgH+5SmdNvSrp5hvInkLS54EBacevGQo8QAvca6QX6Ccga5/TM6P9X8ZgEuAtjyTMN3auW7DrIVc2250F2yuS/6tzAL+kgN/E5R721fNwdIesUj9L9CMY1Pjy8= Ovi@DESKTOP-7G01DUH",
            "tags": null,
            "tags_all": {}
          },
          "sensitive_attributes": [],
          "private": "eyJzY2hlbWFfdmVyc2lvbiI6IjEifQ=="
        }
      ]
    }
  ],
  "check_results": null
}
